// !$*UTF8*$!
{
	archiveVersion = 1;
	classes = {
	};
	objectVersion = 46;
	objects = {

/* Begin PBXBuildFile section */
		182D028B1DE57A2F00E9B783 /* iHealthDeviceManagerModule.m in Sources */ = {isa = PBXBuildFile; fileRef = 182D028A1DE57A2F00E9B783 /* iHealthDeviceManagerModule.m */; };
		1875101F1DE5E374005E66B1 /* BPProfileModule.m in Sources */ = {isa = PBXBuildFile; fileRef = 1875101E1DE5E374005E66B1 /* BPProfileModule.m */; };
		187510281DE5E3E3005E66B1 /* BP5Module.m in Sources */ = {isa = PBXBuildFile; fileRef = 187510271DE5E3E3005E66B1 /* BP5Module.m */; };
		3CF614941EEA3E6500EB0419 /* iHealthSDK2.1.a in Frameworks */ = {isa = PBXBuildFile; fileRef = 3CF614921EEA3E6500EB0419 /* iHealthSDK2.1.a */; };
/* End PBXBuildFile section */

/* Begin PBXCopyFilesBuildPhase section */
		182D01F81DE565EC00E9B783 /* CopyFiles */ = {
			isa = PBXCopyFilesBuildPhase;
			buildActionMask = 2147483647;
			dstPath = "include/$(PRODUCT_NAME)";
			dstSubfolderSpec = 16;
			files = (
			);
			runOnlyForDeploymentPostprocessing = 0;
		};
/* End PBXCopyFilesBuildPhase section */

/* Begin PBXFileReference section */
		182D01FA1DE565EC00E9B783 /* libReactNativeIOSLibrary.a */ = {isa = PBXFileReference; explicitFileType = archive.ar; includeInIndex = 0; path = libReactNativeIOSLibrary.a; sourceTree = BUILT_PRODUCTS_DIR; };
		182D02891DE57A2F00E9B783 /* iHealthDeviceManagerModule.h */ = {isa = PBXFileReference; fileEncoding = 4; lastKnownFileType = sourcecode.c.h; path = iHealthDeviceManagerModule.h; sourceTree = "<group>"; };
		182D028A1DE57A2F00E9B783 /* iHealthDeviceManagerModule.m */ = {isa = PBXFileReference; fileEncoding = 4; lastKnownFileType = sourcecode.c.objc; path = iHealthDeviceManagerModule.m; sourceTree = "<group>"; };
		1875101D1DE5E374005E66B1 /* BPProfileModule.h */ = {isa = PBXFileReference; fileEncoding = 4; lastKnownFileType = sourcecode.c.h; path = BPProfileModule.h; sourceTree = "<group>"; };
		1875101E1DE5E374005E66B1 /* BPProfileModule.m */ = {isa = PBXFileReference; fileEncoding = 4; lastKnownFileType = sourcecode.c.objc; path = BPProfileModule.m; sourceTree = "<group>"; };
		187510261DE5E3E3005E66B1 /* BP5Module.h */ = {isa = PBXFileReference; fileEncoding = 4; lastKnownFileType = sourcecode.c.h; path = BP5Module.h; sourceTree = "<group>"; };
		187510271DE5E3E3005E66B1 /* BP5Module.m */ = {isa = PBXFileReference; fileEncoding = 4; lastKnownFileType = sourcecode.c.objc; path = BP5Module.m; sourceTree = "<group>"; };
		3CF614921EEA3E6500EB0419 /* iHealthSDK2.1.a */ = {isa = PBXFileReference; lastKnownFileType = archive.ar; path = iHealthSDK2.1.a; sourceTree = "<group>"; };
		3CF614931EEA3E6500EB0419 /* include */ = {isa = PBXFileReference; lastKnownFileType = folder; path = include; sourceTree = "<group>"; };
/* End PBXFileReference section */

/* Begin PBXFrameworksBuildPhase section */
		182D01F71DE565EC00E9B783 /* Frameworks */ = {
			isa = PBXFrameworksBuildPhase;
			buildActionMask = 2147483647;
			files = (
				3CF614941EEA3E6500EB0419 /* iHealthSDK2.1.a in Frameworks */,
			);
			runOnlyForDeploymentPostprocessing = 0;
		};
/* End PBXFrameworksBuildPhase section */

/* Begin PBXGroup section */
		182D01F11DE565EC00E9B783 = {
			isa = PBXGroup;
			children = (
				182D01FC1DE565EC00E9B783 /* ReactNativeIOSLibrary */,
				182D01FB1DE565EC00E9B783 /* Products */,
			);
			sourceTree = "<group>";
		};
		182D01FB1DE565EC00E9B783 /* Products */ = {
			isa = PBXGroup;
			children = (
				182D01FA1DE565EC00E9B783 /* libReactNativeIOSLibrary.a */,
			);
			name = Products;
			sourceTree = "<group>";
		};
		182D01FC1DE565EC00E9B783 /* ReactNativeIOSLibrary */ = {
			isa = PBXGroup;
			children = (
				3CF614921EEA3E6500EB0419 /* iHealthSDK2.1.a */,
				3CF614931EEA3E6500EB0419 /* include */,
				182D02891DE57A2F00E9B783 /* iHealthDeviceManagerModule.h */,
				182D028A1DE57A2F00E9B783 /* iHealthDeviceManagerModule.m */,
				1875101D1DE5E374005E66B1 /* BPProfileModule.h */,
				1875101E1DE5E374005E66B1 /* BPProfileModule.m */,
				187510261DE5E3E3005E66B1 /* BP5Module.h */,
				187510271DE5E3E3005E66B1 /* BP5Module.m */,
			);
			path = ReactNativeIOSLibrary;
			sourceTree = "<group>";
		};
/* End PBXGroup section */

/* Begin PBXNativeTarget section */
		182D01F91DE565EC00E9B783 /* ReactNativeIOSLibrary */ = {
			isa = PBXNativeTarget;
			buildConfigurationList = 182D02031DE565EC00E9B783 /* Build configuration list for PBXNativeTarget "ReactNativeIOSLibrary" */;
			buildPhases = (
				182D01F61DE565EC00E9B783 /* Sources */,
				182D01F71DE565EC00E9B783 /* Frameworks */,
				182D01F81DE565EC00E9B783 /* CopyFiles */,
			);
			buildRules = (
			);
			dependencies = (
			);
			name = ReactNativeIOSLibrary;
			productName = ReactNativeIOSLibrary;
			productReference = 182D01FA1DE565EC00E9B783 /* libReactNativeIOSLibrary.a */;
			productType = "com.apple.product-type.library.static";
		};
/* End PBXNativeTarget section */

/* Begin PBXProject section */
		182D01F21DE565EC00E9B783 /* Project object */ = {
			isa = PBXProject;
			attributes = {
				KnownAssetTags = (
					New,
				);
				LastUpgradeCheck = 0810;
				ORGANIZATIONNAME = daiqingquan;
				TargetAttributes = {
					182D01F91DE565EC00E9B783 = {
						CreatedOnToolsVersion = 8.1;
						ProvisioningStyle = Automatic;
					};
				};
			};
			buildConfigurationList = 182D01F51DE565EC00E9B783 /* Build configuration list for PBXProject "ReactNativeIOSLibrary" */;
			compatibilityVersion = "Xcode 3.2";
			developmentRegion = English;
			hasScannedForEncodings = 0;
			knownRegions = (
				en,
			);
			mainGroup = 182D01F11DE565EC00E9B783;
			productRefGroup = 182D01FB1DE565EC00E9B783 /* Products */;
			projectDirPath = "";
			projectRoot = "";
			targets = (
				182D01F91DE565EC00E9B783 /* ReactNativeIOSLibrary */,
			);
		};
/* End PBXProject section */

/* Begin PBXSourcesBuildPhase section */
		182D01F61DE565EC00E9B783 /* Sources */ = {
			isa = PBXSourcesBuildPhase;
			buildActionMask = 2147483647;
			files = (
				182D028B1DE57A2F00E9B783 /* iHealthDeviceManagerModule.m in Sources */,
				1875101F1DE5E374005E66B1 /* BPProfileModule.m in Sources */,
				187510281DE5E3E3005E66B1 /* BP5Module.m in Sources */,
			);
			runOnlyForDeploymentPostprocessing = 0;
		};
/* End PBXSourcesBuildPhase section */

/* Begin XCBuildConfiguration section */
		182D02011DE565EC00E9B783 /* Debug */ = {
			isa = XCBuildConfiguration;
			buildSettings = {
				ALWAYS_SEARCH_USER_PATHS = NO;
				CLANG_ANALYZER_NONNULL = YES;
				CLANG_CXX_LANGUAGE_STANDARD = "gnu++0x";
				CLANG_CXX_LIBRARY = "libc++";
				CLANG_ENABLE_MODULES = YES;
				CLANG_ENABLE_OBJC_ARC = YES;
				CLANG_WARN_BOOL_CONVERSION = YES;
				CLANG_WARN_CONSTANT_CONVERSION = YES;
				CLANG_WARN_DIRECT_OBJC_ISA_USAGE = YES_ERROR;
				CLANG_WARN_DOCUMENTATION_COMMENTS = YES;
				CLANG_WARN_EMPTY_BODY = YES;
				CLANG_WARN_ENUM_CONVERSION = YES;
				CLANG_WARN_INFINITE_RECURSION = YES;
				CLANG_WARN_INT_CONVERSION = YES;
				CLANG_WARN_OBJC_ROOT_CLASS = YES_ERROR;
				CLANG_WARN_SUSPICIOUS_MOVES = YES;
				CLANG_WARN_UNREACHABLE_CODE = YES;
				CLANG_WARN__DUPLICATE_METHOD_MATCH = YES;
				"CODE_SIGN_IDENTITY[sdk=iphoneos*]" = "iPhone Developer";
				COPY_PHASE_STRIP = NO;
				DEBUG_INFORMATION_FORMAT = dwarf;
				ENABLE_STRICT_OBJC_MSGSEND = YES;
				ENABLE_TESTABILITY = YES;
				GCC_C_LANGUAGE_STANDARD = gnu99;
				GCC_DYNAMIC_NO_PIC = NO;
				GCC_NO_COMMON_BLOCKS = YES;
				GCC_OPTIMIZATION_LEVEL = 0;
				GCC_PREPROCESSOR_DEFINITIONS = (
					"DEBUG=1",
					"$(inherited)",
				);
				GCC_WARN_64_TO_32_BIT_CONVERSION = YES;
				GCC_WARN_ABOUT_RETURN_TYPE = YES_ERROR;
				GCC_WARN_UNDECLARED_SELECTOR = YES;
				GCC_WARN_UNINITIALIZED_AUTOS = YES_AGGRESSIVE;
				GCC_WARN_UNUSED_FUNCTION = YES;
				GCC_WARN_UNUSED_VARIABLE = YES;
				IPHONEOS_DEPLOYMENT_TARGET = 10.1;
				MTL_ENABLE_DEBUG_INFO = YES;
				ONLY_ACTIVE_ARCH = YES;
				SDKROOT = iphoneos;
			};
			name = Debug;
		};
		182D02021DE565EC00E9B783 /* Release */ = {
			isa = XCBuildConfiguration;
			buildSettings = {
				ALWAYS_SEARCH_USER_PATHS = NO;
				CLANG_ANALYZER_NONNULL = YES;
				CLANG_CXX_LANGUAGE_STANDARD = "gnu++0x";
				CLANG_CXX_LIBRARY = "libc++";
				CLANG_ENABLE_MODULES = YES;
				CLANG_ENABLE_OBJC_ARC = YES;
				CLANG_WARN_BOOL_CONVERSION = YES;
				CLANG_WARN_CONSTANT_CONVERSION = YES;
				CLANG_WARN_DIRECT_OBJC_ISA_USAGE = YES_ERROR;
				CLANG_WARN_DOCUMENTATION_COMMENTS = YES;
				CLANG_WARN_EMPTY_BODY = YES;
				CLANG_WARN_ENUM_CONVERSION = YES;
				CLANG_WARN_INFINITE_RECURSION = YES;
				CLANG_WARN_INT_CONVERSION = YES;
				CLANG_WARN_OBJC_ROOT_CLASS = YES_ERROR;
				CLANG_WARN_SUSPICIOUS_MOVES = YES;
				CLANG_WARN_UNREACHABLE_CODE = YES;
				CLANG_WARN__DUPLICATE_METHOD_MATCH = YES;
				"CODE_SIGN_IDENTITY[sdk=iphoneos*]" = "iPhone Developer";
				COPY_PHASE_STRIP = NO;
				DEBUG_INFORMATION_FORMAT = "dwarf-with-dsym";
				ENABLE_NS_ASSERTIONS = NO;
				ENABLE_STRICT_OBJC_MSGSEND = YES;
				GCC_C_LANGUAGE_STANDARD = gnu99;
				GCC_NO_COMMON_BLOCKS = YES;
				GCC_WARN_64_TO_32_BIT_CONVERSION = YES;
				GCC_WARN_ABOUT_RETURN_TYPE = YES_ERROR;
				GCC_WARN_UNDECLARED_SELECTOR = YES;
				GCC_WARN_UNINITIALIZED_AUTOS = YES_AGGRESSIVE;
				GCC_WARN_UNUSED_FUNCTION = YES;
				GCC_WARN_UNUSED_VARIABLE = YES;
				IPHONEOS_DEPLOYMENT_TARGET = 10.1;
				MTL_ENABLE_DEBUG_INFO = NO;
				SDKROOT = iphoneos;
				VALIDATE_PRODUCT = YES;
			};
			name = Release;
		};
		182D02041DE565EC00E9B783 /* Debug */ = {
			isa = XCBuildConfiguration;
			buildSettings = {
				HEADER_SEARCH_PATHS = (
					"$(SRCROOT)/../../react-native/React/**",
					"\"$(SRCROOT)/ReactNativeIOSLibrary/include\"",
				);
				LIBRARY_SEARCH_PATHS = (
					"$(inherited)",
					"$(PROJECT_DIR)/ReactNativeIOSLibrary",
				);
				MODULEMAP_PRIVATE_FILE = "";
				OTHER_LDFLAGS = "-ObjC";
				PRODUCT_NAME = "$(TARGET_NAME)";
				SKIP_INSTALL = YES;
			};
			name = Debug;
		};
		182D02051DE565EC00E9B783 /* Release */ = {
			isa = XCBuildConfiguration;
			buildSettings = {
				HEADER_SEARCH_PATHS = (
					"$(SRCROOT)/../../react-native/React/**",
					"\"$(SRCROOT)/ReactNativeIOSLibrary/include\"",
				);
				LIBRARY_SEARCH_PATHS = (
					"$(inherited)",
					"$(PROJECT_DIR)/ReactNativeIOSLibrary",
				);
				MODULEMAP_PRIVATE_FILE = "";
				OTHER_LDFLAGS = "-ObjC";
				PRODUCT_NAME = "$(TARGET_NAME)";
				SKIP_INSTALL = YES;
			};
			name = Release;
		};
/* End XCBuildConfiguration section */

/* Begin XCConfigurationList section */
		182D01F51DE565EC00E9B783 /* Build configuration list for PBXProject "ReactNativeIOSLibrary" */ = {
			isa = XCConfigurationList;
			buildConfigurations = (
				182D02011DE565EC00E9B783 /* Debug */,
				182D02021DE565EC00E9B783 /* Release */,
			);
			defaultConfigurationIsVisible = 0;
			defaultConfigurationName = Release;
		};
		182D02031DE565EC00E9B783 /* Build configuration list for PBXNativeTarget "ReactNativeIOSLibrary" */ = {
			isa = XCConfigurationList;
			buildConfigurations = (
				182D02041DE565EC00E9B783 /* Debug */,
				182D02051DE565EC00E9B783 /* Release */,
			);
			defaultConfigurationIsVisible = 0;
			defaultConfigurationName = Release;
		};
/* End XCConfigurationList section */
	};
	rootObject = 182D01F21DE565EC00E9B783 /* Project object */;
}
